
Microsoft Visual Studio Solution File, Format Version 12.00
# Visual Studio Version 17
VisualStudioVersion = 17.9.34622.214
MinimumVisualStudioVersion = 10.0.40219.1
Project("{9A19103F-16F7-4668-BE54-9A1E7A4F7556}") = "SendCrypto.WebApi", "SendCrypto.WebApi\SendCrypto.WebApi.csproj", "{2EB059AC-B011-4A08-8355-5F12DE947242}"
EndProject
Project("{9A19103F-16F7-4668-BE54-9A1E7A4F7556}") = "SendCrypto.Application", "SendCrypto.Application\SendCrypto.Application.csproj", "{BC459C38-B891-4166-8330-475D30388518}"
EndProject
Project("{9A19103F-16F7-4668-BE54-9A1E7A4F7556}") = "SendCrypto.Domain", "SendCrypto.Domain\SendCrypto.Domain.csproj", "{F21ABF45-B66A-4CF7-810F-EF0505106715}"
EndProject
Project("{9A19103F-16F7-4668-BE54-9A1E7A4F7556}") = "SendCrypto.Test", "SendCrypto.Test\SendCrypto.Test.csproj", "{2E89862C-0581-409A-8B5B-8E62889CCAB3}"
EndProject
Global
	GlobalSection(SolutionConfigurationPlatforms) = preSolution
		Debug|Any CPU = Debug|Any CPU
		Release|Any CPU = Release|Any CPU
	EndGlobalSection
	GlobalSection(ProjectConfigurationPlatforms) = postSolution
		{2EB059AC-B011-4A08-8355-5F12DE947242}.Debug|Any CPU.ActiveCfg = Debug|Any CPU
		{2EB059AC-B011-4A08-8355-5F12DE947242}.Debug|Any CPU.Build.0 = Debug|Any CPU
		{2EB059AC-B011-4A08-8355-5F12DE947242}.Release|Any CPU.ActiveCfg = Release|Any CPU
		{2EB059AC-B011-4A08-8355-5F12DE947242}.Release|Any CPU.Build.0 = Release|Any CPU
		{BC459C38-B891-4166-8330-475D30388518}.Debug|Any CPU.ActiveCfg = Debug|Any CPU
		{BC459C38-B891-4166-8330-475D30388518}.Debug|Any CPU.Build.0 = Debug|Any CPU
		{BC459C38-B891-4166-8330-475D30388518}.Release|Any CPU.ActiveCfg = Release|Any CPU
		{BC459C38-B891-4166-8330-475D30388518}.Release|Any CPU.Build.0 = Release|Any CPU
		{F21ABF45-B66A-4CF7-810F-EF0505106715}.Debug|Any CPU.ActiveCfg = Debug|Any CPU
		{F21ABF45-B66A-4CF7-810F-EF0505106715}.Debug|Any CPU.Build.0 = Debug|Any CPU
		{F21ABF45-B66A-4CF7-810F-EF0505106715}.Release|Any CPU.ActiveCfg = Release|Any CPU
		{F21ABF45-B66A-4CF7-810F-EF0505106715}.Release|Any CPU.Build.0 = Release|Any CPU
		{2E89862C-0581-409A-8B5B-8E62889CCAB3}.Debug|Any CPU.ActiveCfg = Debug|Any CPU
		{2E89862C-0581-409A-8B5B-8E62889CCAB3}.Debug|Any CPU.Build.0 = Debug|Any CPU
		{2E89862C-0581-409A-8B5B-8E62889CCAB3}.Release|Any CPU.ActiveCfg = Release|Any CPU
		{2E89862C-0581-409A-8B5B-8E62889CCAB3}.Release|Any CPU.Build.0 = Release|Any CPU
	EndGlobalSection
	GlobalSection(SolutionProperties) = preSolution
		HideSolutionNode = FALSE
	EndGlobalSection
	GlobalSection(ExtensibilityGlobals) = postSolution
		SolutionGuid = {24409C7D-F6F7-4373-8D52-955AA19D4EC2}
	EndGlobalSection
EndGlobal
